
Microsoft Visual Studio Solution File, Format Version 12.00
# Visual Studio Version 16
VisualStudioVersion = 16.0.31613.86
MinimumVisualStudioVersion = 10.0.40219.1
Project("{9A19103F-16F7-4668-BE54-9A1E7A4F7556}") = "First try", "First try\First try.csproj", "{FF0E3CB1-86C1-4132-A898-FF033885D136}"
EndProject
Project("{9A19103F-16F7-4668-BE54-9A1E7A4F7556}") = "WPF - Vowels and Consonants", "WPF - Vowels and Consonants\WPF - Vowels and Consonants.csproj", "{0F262986-B1D8-4180-99D2-4E3960CC8408}"
EndProject
Project("{9A19103F-16F7-4668-BE54-9A1E7A4F7556}") = "Classes Practices", "Classes Practices\Classes Practices.csproj", "{077E57FD-2C19-427F-941E-3C54C6AD390F}"
EndProject
Project("{9A19103F-16F7-4668-BE54-9A1E7A4F7556}") = "(P) WPF - Classes", "(P) WPF - Classes\(P) WPF - Classes.csproj", "{9C37C5D9-8BD7-4F50-80DF-196B88F67A64}"
EndProject
Project("{9A19103F-16F7-4668-BE54-9A1E7A4F7556}") = "Random test DONT open", "Random test DONT open\Random test DONT open.csproj", "{D0D7A6BC-A1C5-44F2-9FAD-88B523B1CF60}"
EndProject
Project("{2150E333-8FDC-42A3-9474-1A3956D46DE8}") = "Solution Items", "Solution Items", "{B36C22D3-8B9F-4586-98FB-CF14EB15C5D3}"
	ProjectSection(SolutionItems) = preProject
		.editorconfig = .editorconfig
	EndProjectSection
EndProject
Project("{9A19103F-16F7-4668-BE54-9A1E7A4F7556}") = "ReadIn 2.0", "ReadIn 2.0\ReadIn 2.0.csproj", "{A24ABD1F-B5DD-4F2B-917D-EF63C5119676}"
EndProject
Project("{9A19103F-16F7-4668-BE54-9A1E7A4F7556}") = "(P) WPF - Contact List", "(P) WPF - Contact List\(P) WPF - Contact List.csproj", "{30005E87-375F-4890-A4AF-7B071E2F3929}"
EndProject
Project("{9A19103F-16F7-4668-BE54-9A1E7A4F7556}") = "NuuuuuGet Json", "NuuuuuGet Json\NuuuuuGet Json.csproj", "{FB703D15-690B-4EFA-93D9-9D6989788C7A}"
EndProject
Project("{9A19103F-16F7-4668-BE54-9A1E7A4F7556}") = "Contacts attempt 2", "Contacts attempt 2\Contacts attempt 2.csproj", "{116FD0FA-A894-452E-965C-E5E32866DB2C}"
EndProject
Project("{9A19103F-16F7-4668-BE54-9A1E7A4F7556}") = "(P) Chuck Norris", "(P) Chuck Norris\(P) Chuck Norris.csproj", "{74DCDB9D-9D9B-401F-83AA-7E2EB40B65E9}"
EndProject
Project("{9A19103F-16F7-4668-BE54-9A1E7A4F7556}") = "Pokemon", "Pokemon\Pokemon.csproj", "{7F8E04BB-37A7-4E38-8828-6BAF27D1687F}"
EndProject
Project("{9A19103F-16F7-4668-BE54-9A1E7A4F7556}") = "(P) Rick And Morty- AddCharToCboBox", "(P) Rick And Morty- AddCharToCboBox\(P) Rick And Morty- AddCharToCboBox.csproj", "{30EF737F-D972-48D2-971B-077B8E39B446}"
EndProject
Project("{9A19103F-16F7-4668-BE54-9A1E7A4F7556}") = "(P) GOT Quote", "(P) GOT Quote\(P) GOT Quote.csproj", "{42F6D639-15EA-4B1F-A323-62713109C628}"
EndProject
Project("{FAE04EC0-301F-11D3-BF4B-00C04F79EFBC}") = "(P) JSON - Serialization", "(P) JSON - Serialization\(P) JSON - Serialization.csproj", "{B7A41972-B1D7-4197-AE7F-4475A5E8E868}"
EndProject
Global
	GlobalSection(SolutionConfigurationPlatforms) = preSolution
		Debug|Any CPU = Debug|Any CPU
		Release|Any CPU = Release|Any CPU
	EndGlobalSection
	GlobalSection(ProjectConfigurationPlatforms) = postSolution
		{FF0E3CB1-86C1-4132-A898-FF033885D136}.Debug|Any CPU.ActiveCfg = Debug|Any CPU
		{FF0E3CB1-86C1-4132-A898-FF033885D136}.Debug|Any CPU.Build.0 = Debug|Any CPU
		{FF0E3CB1-86C1-4132-A898-FF033885D136}.Release|Any CPU.ActiveCfg = Release|Any CPU
		{FF0E3CB1-86C1-4132-A898-FF033885D136}.Release|Any CPU.Build.0 = Release|Any CPU
		{0F262986-B1D8-4180-99D2-4E3960CC8408}.Debug|Any CPU.ActiveCfg = Debug|Any CPU
		{0F262986-B1D8-4180-99D2-4E3960CC8408}.Debug|Any CPU.Build.0 = Debug|Any CPU
		{0F262986-B1D8-4180-99D2-4E3960CC8408}.Release|Any CPU.ActiveCfg = Release|Any CPU
		{0F262986-B1D8-4180-99D2-4E3960CC8408}.Release|Any CPU.Build.0 = Release|Any CPU
		{077E57FD-2C19-427F-941E-3C54C6AD390F}.Debug|Any CPU.ActiveCfg = Debug|Any CPU
		{077E57FD-2C19-427F-941E-3C54C6AD390F}.Debug|Any CPU.Build.0 = Debug|Any CPU
		{077E57FD-2C19-427F-941E-3C54C6AD390F}.Release|Any CPU.ActiveCfg = Release|Any CPU
		{077E57FD-2C19-427F-941E-3C54C6AD390F}.Release|Any CPU.Build.0 = Release|Any CPU
		{9C37C5D9-8BD7-4F50-80DF-196B88F67A64}.Debug|Any CPU.ActiveCfg = Debug|Any CPU
		{9C37C5D9-8BD7-4F50-80DF-196B88F67A64}.Debug|Any CPU.Build.0 = Debug|Any CPU
		{9C37C5D9-8BD7-4F50-80DF-196B88F67A64}.Release|Any CPU.ActiveCfg = Release|Any CPU
		{9C37C5D9-8BD7-4F50-80DF-196B88F67A64}.Release|Any CPU.Build.0 = Release|Any CPU
		{D0D7A6BC-A1C5-44F2-9FAD-88B523B1CF60}.Debug|Any CPU.ActiveCfg = Debug|Any CPU
		{D0D7A6BC-A1C5-44F2-9FAD-88B523B1CF60}.Debug|Any CPU.Build.0 = Debug|Any CPU
		{D0D7A6BC-A1C5-44F2-9FAD-88B523B1CF60}.Release|Any CPU.ActiveCfg = Release|Any CPU
		{D0D7A6BC-A1C5-44F2-9FAD-88B523B1CF60}.Release|Any CPU.Build.0 = Release|Any CPU
		{A24ABD1F-B5DD-4F2B-917D-EF63C5119676}.Debug|Any CPU.ActiveCfg = Debug|Any CPU
		{A24ABD1F-B5DD-4F2B-917D-EF63C5119676}.Debug|Any CPU.Build.0 = Debug|Any CPU
		{A24ABD1F-B5DD-4F2B-917D-EF63C5119676}.Release|Any CPU.ActiveCfg = Release|Any CPU
		{A24ABD1F-B5DD-4F2B-917D-EF63C5119676}.Release|Any CPU.Build.0 = Release|Any CPU
		{30005E87-375F-4890-A4AF-7B071E2F3929}.Debug|Any CPU.ActiveCfg = Debug|Any CPU
		{30005E87-375F-4890-A4AF-7B071E2F3929}.Debug|Any CPU.Build.0 = Debug|Any CPU
		{30005E87-375F-4890-A4AF-7B071E2F3929}.Release|Any CPU.ActiveCfg = Release|Any CPU
		{30005E87-375F-4890-A4AF-7B071E2F3929}.Release|Any CPU.Build.0 = Release|Any CPU
		{FB703D15-690B-4EFA-93D9-9D6989788C7A}.Debug|Any CPU.ActiveCfg = Debug|Any CPU
		{FB703D15-690B-4EFA-93D9-9D6989788C7A}.Debug|Any CPU.Build.0 = Debug|Any CPU
		{FB703D15-690B-4EFA-93D9-9D6989788C7A}.Release|Any CPU.ActiveCfg = Release|Any CPU
		{FB703D15-690B-4EFA-93D9-9D6989788C7A}.Release|Any CPU.Build.0 = Release|Any CPU
		{116FD0FA-A894-452E-965C-E5E32866DB2C}.Debug|Any CPU.ActiveCfg = Debug|Any CPU
		{116FD0FA-A894-452E-965C-E5E32866DB2C}.Debug|Any CPU.Build.0 = Debug|Any CPU
		{116FD0FA-A894-452E-965C-E5E32866DB2C}.Release|Any CPU.ActiveCfg = Release|Any CPU
		{116FD0FA-A894-452E-965C-E5E32866DB2C}.Release|Any CPU.Build.0 = Release|Any CPU
		{74DCDB9D-9D9B-401F-83AA-7E2EB40B65E9}.Debug|Any CPU.ActiveCfg = Debug|Any CPU
		{74DCDB9D-9D9B-401F-83AA-7E2EB40B65E9}.Debug|Any CPU.Build.0 = Debug|Any CPU
		{74DCDB9D-9D9B-401F-83AA-7E2EB40B65E9}.Release|Any CPU.ActiveCfg = Release|Any CPU
		{74DCDB9D-9D9B-401F-83AA-7E2EB40B65E9}.Release|Any CPU.Build.0 = Release|Any CPU
		{7F8E04BB-37A7-4E38-8828-6BAF27D1687F}.Debug|Any CPU.ActiveCfg = Debug|Any CPU
		{7F8E04BB-37A7-4E38-8828-6BAF27D1687F}.Debug|Any CPU.Build.0 = Debug|Any CPU
		{7F8E04BB-37A7-4E38-8828-6BAF27D1687F}.Release|Any CPU.ActiveCfg = Release|Any CPU
		{7F8E04BB-37A7-4E38-8828-6BAF27D1687F}.Release|Any CPU.Build.0 = Release|Any CPU
		{30EF737F-D972-48D2-971B-077B8E39B446}.Debug|Any CPU.ActiveCfg = Debug|Any CPU
		{30EF737F-D972-48D2-971B-077B8E39B446}.Debug|Any CPU.Build.0 = Debug|Any CPU
		{30EF737F-D972-48D2-971B-077B8E39B446}.Release|Any CPU.ActiveCfg = Release|Any CPU
		{30EF737F-D972-48D2-971B-077B8E39B446}.Release|Any CPU.Build.0 = Release|Any CPU
		{42F6D639-15EA-4B1F-A323-62713109C628}.Debug|Any CPU.ActiveCfg = Debug|Any CPU
		{42F6D639-15EA-4B1F-A323-62713109C628}.Debug|Any CPU.Build.0 = Debug|Any CPU
		{42F6D639-15EA-4B1F-A323-62713109C628}.Release|Any CPU.ActiveCfg = Release|Any CPU
		{42F6D639-15EA-4B1F-A323-62713109C628}.Release|Any CPU.Build.0 = Release|Any CPU
		{B7A41972-B1D7-4197-AE7F-4475A5E8E868}.Debug|Any CPU.ActiveCfg = Debug|Any CPU
		{B7A41972-B1D7-4197-AE7F-4475A5E8E868}.Debug|Any CPU.Build.0 = Debug|Any CPU
		{B7A41972-B1D7-4197-AE7F-4475A5E8E868}.Release|Any CPU.ActiveCfg = Release|Any CPU
		{B7A41972-B1D7-4197-AE7F-4475A5E8E868}.Release|Any CPU.Build.0 = Release|Any CPU
	EndGlobalSection
	GlobalSection(SolutionProperties) = preSolution
		HideSolutionNode = FALSE
	EndGlobalSection
	GlobalSection(NestedProjects) = preSolution
		{FB703D15-690B-4EFA-93D9-9D6989788C7A} = {B36C22D3-8B9F-4586-98FB-CF14EB15C5D3}
	EndGlobalSection
	GlobalSection(ExtensibilityGlobals) = postSolution
		SolutionGuid = {4FBA9AD3-D766-4B32-A14C-222D3F4561CD}
	EndGlobalSection
EndGlobal
